
Microsoft Visual Studio Solution File, Format Version 12.00
# Visual Studio Version 17
VisualStudioVersion = 17.0.31903.59
MinimumVisualStudioVersion = 10.0.40219.1
Project("{2150E333-8FDC-42A3-9474-1A3956D46DE8}") = "src", "src", "{827E0CD3-B72D-47B6-A68D-7590B98EB39B}"
EndProject
Project("{2150E333-8FDC-42A3-9474-1A3956D46DE8}") = "backend", "backend", "{FE360695-3F2B-1049-3887-35FBB5135923}"
EndProject
Project("{FAE04EC0-301F-11D3-BF4B-00C04F79EFBC}") = "PetLoveCommunity.API", "src\backend\PetLoveCommunity.API\PetLoveCommunity.API.csproj", "{3312680E-0B1B-4F65-B1E4-E087F40E047F}"
EndProject
Project("{FAE04EC0-301F-11D3-BF4B-00C04F79EFBC}") = "PetLoveCommunity.Domain", "src\backend\PetLoveCommunity.Domain\PetLoveCommunity.Domain.csproj", "{6F1744A1-9F2C-4001-92E3-E8EC97D5C16C}"
EndProject
Project("{FAE04EC0-301F-11D3-BF4B-00C04F79EFBC}") = "PetLoveCommunity.Application", "src\backend\PetLoveCommunity.Application\PetLoveCommunity.Application.csproj", "{FD3396E6-DB40-42D7-B2EE-BB6555C73B84}"
EndProject
Project("{FAE04EC0-301F-11D3-BF4B-00C04F79EFBC}") = "PetLoveCommunity.Infrastructure", "src\backend\PetLoveCommunity.Infrastructure\PetLoveCommunity.Infrastructure.csproj", "{EC122152-8E0B-4A1B-B1D7-00CD81313B6D}"
EndProject
Project("{FAE04EC0-301F-11D3-BF4B-00C04F79EFBC}") = "PetLoveCommunity.Tests", "src\backend\PetLoveCommunity.Tests\PetLoveCommunity.Tests.csproj", "{75724551-33E1-4C2A-AF3E-52117BF133E2}"
EndProject
Global
	GlobalSection(SolutionConfigurationPlatforms) = preSolution
		Debug|Any CPU = Debug|Any CPU
		Debug|x64 = Debug|x64
		Debug|x86 = Debug|x86
		Release|Any CPU = Release|Any CPU
		Release|x64 = Release|x64
		Release|x86 = Release|x86
	EndGlobalSection
	GlobalSection(ProjectConfigurationPlatforms) = postSolution
		{3312680E-0B1B-4F65-B1E4-E087F40E047F}.Debug|Any CPU.ActiveCfg = Debug|Any CPU
		{3312680E-0B1B-4F65-B1E4-E087F40E047F}.Debug|Any CPU.Build.0 = Debug|Any CPU
		{3312680E-0B1B-4F65-B1E4-E087F40E047F}.Debug|x64.ActiveCfg = Debug|Any CPU
		{3312680E-0B1B-4F65-B1E4-E087F40E047F}.Debug|x64.Build.0 = Debug|Any CPU
		{3312680E-0B1B-4F65-B1E4-E087F40E047F}.Debug|x86.ActiveCfg = Debug|Any CPU
		{3312680E-0B1B-4F65-B1E4-E087F40E047F}.Debug|x86.Build.0 = Debug|Any CPU
		{3312680E-0B1B-4F65-B1E4-E087F40E047F}.Release|Any CPU.ActiveCfg = Release|Any CPU
		{3312680E-0B1B-4F65-B1E4-E087F40E047F}.Release|Any CPU.Build.0 = Release|Any CPU
		{3312680E-0B1B-4F65-B1E4-E087F40E047F}.Release|x64.ActiveCfg = Release|Any CPU
		{3312680E-0B1B-4F65-B1E4-E087F40E047F}.Release|x64.Build.0 = Release|Any CPU
		{3312680E-0B1B-4F65-B1E4-E087F40E047F}.Release|x86.ActiveCfg = Release|Any CPU
		{3312680E-0B1B-4F65-B1E4-E087F40E047F}.Release|x86.Build.0 = Release|Any CPU
		{6F1744A1-9F2C-4001-92E3-E8EC97D5C16C}.Debug|Any CPU.ActiveCfg = Debug|Any CPU
		{6F1744A1-9F2C-4001-92E3-E8EC97D5C16C}.Debug|Any CPU.Build.0 = Debug|Any CPU
		{6F1744A1-9F2C-4001-92E3-E8EC97D5C16C}.Debug|x64.ActiveCfg = Debug|Any CPU
		{6F1744A1-9F2C-4001-92E3-E8EC97D5C16C}.Debug|x64.Build.0 = Debug|Any CPU
		{6F1744A1-9F2C-4001-92E3-E8EC97D5C16C}.Debug|x86.ActiveCfg = Debug|Any CPU
		{6F1744A1-9F2C-4001-92E3-E8EC97D5C16C}.Debug|x86.Build.0 = Debug|Any CPU
		{6F1744A1-9F2C-4001-92E3-E8EC97D5C16C}.Release|Any CPU.ActiveCfg = Release|Any CPU
		{6F1744A1-9F2C-4001-92E3-E8EC97D5C16C}.Release|Any CPU.Build.0 = Release|Any CPU
		{6F1744A1-9F2C-4001-92E3-E8EC97D5C16C}.Release|x64.ActiveCfg = Release|Any CPU
		{6F1744A1-9F2C-4001-92E3-E8EC97D5C16C}.Release|x64.Build.0 = Release|Any CPU
		{6F1744A1-9F2C-4001-92E3-E8EC97D5C16C}.Release|x86.ActiveCfg = Release|Any CPU
		{6F1744A1-9F2C-4001-92E3-E8EC97D5C16C}.Release|x86.Build.0 = Release|Any CPU
		{FD3396E6-DB40-42D7-B2EE-BB6555C73B84}.Debug|Any CPU.ActiveCfg = Debug|Any CPU
		{FD3396E6-DB40-42D7-B2EE-BB6555C73B84}.Debug|Any CPU.Build.0 = Debug|Any CPU
		{FD3396E6-DB40-42D7-B2EE-BB6555C73B84}.Debug|x64.ActiveCfg = Debug|Any CPU
		{FD3396E6-DB40-42D7-B2EE-BB6555C73B84}.Debug|x64.Build.0 = Debug|Any CPU
		{FD3396E6-DB40-42D7-B2EE-BB6555C73B84}.Debug|x86.ActiveCfg = Debug|Any CPU
		{FD3396E6-DB40-42D7-B2EE-BB6555C73B84}.Debug|x86.Build.0 = Debug|Any CPU
		{FD3396E6-DB40-42D7-B2EE-BB6555C73B84}.Release|Any CPU.ActiveCfg = Release|Any CPU
		{FD3396E6-DB40-42D7-B2EE-BB6555C73B84}.Release|Any CPU.Build.0 = Release|Any CPU
		{FD3396E6-DB40-42D7-B2EE-BB6555C73B84}.Release|x64.ActiveCfg = Release|Any CPU
		{FD3396E6-DB40-42D7-B2EE-BB6555C73B84}.Release|x64.Build.0 = Release|Any CPU
		{FD3396E6-DB40-42D7-B2EE-BB6555C73B84}.Release|x86.ActiveCfg = Release|Any CPU
		{FD3396E6-DB40-42D7-B2EE-BB6555C73B84}.Release|x86.Build.0 = Release|Any CPU
		{EC122152-8E0B-4A1B-B1D7-00CD81313B6D}.Debug|Any CPU.ActiveCfg = Debug|Any CPU
		{EC122152-8E0B-4A1B-B1D7-00CD81313B6D}.Debug|Any CPU.Build.0 = Debug|Any CPU
		{EC122152-8E0B-4A1B-B1D7-00CD81313B6D}.Debug|x64.ActiveCfg = Debug|Any CPU
		{EC122152-8E0B-4A1B-B1D7-00CD81313B6D}.Debug|x64.Build.0 = Debug|Any CPU
		{EC122152-8E0B-4A1B-B1D7-00CD81313B6D}.Debug|x86.ActiveCfg = Debug|Any CPU
		{EC122152-8E0B-4A1B-B1D7-00CD81313B6D}.Debug|x86.Build.0 = Debug|Any CPU
		{EC122152-8E0B-4A1B-B1D7-00CD81313B6D}.Release|Any CPU.ActiveCfg = Release|Any CPU
		{EC122152-8E0B-4A1B-B1D7-00CD81313B6D}.Release|Any CPU.Build.0 = Release|Any CPU
		{EC122152-8E0B-4A1B-B1D7-00CD81313B6D}.Release|x64.ActiveCfg = Release|Any CPU
		{EC122152-8E0B-4A1B-B1D7-00CD81313B6D}.Release|x64.Build.0 = Release|Any CPU
		{EC122152-8E0B-4A1B-B1D7-00CD81313B6D}.Release|x86.ActiveCfg = Release|Any CPU
		{EC122152-8E0B-4A1B-B1D7-00CD81313B6D}.Release|x86.Build.0 = Release|Any CPU
		{75724551-33E1-4C2A-AF3E-52117BF133E2}.Debug|Any CPU.ActiveCfg = Debug|Any CPU
		{75724551-33E1-4C2A-AF3E-52117BF133E2}.Debug|Any CPU.Build.0 = Debug|Any CPU
		{75724551-33E1-4C2A-AF3E-52117BF133E2}.Debug|x64.ActiveCfg = Debug|Any CPU
		{75724551-33E1-4C2A-AF3E-52117BF133E2}.Debug|x64.Build.0 = Debug|Any CPU
		{75724551-33E1-4C2A-AF3E-52117BF133E2}.Debug|x86.ActiveCfg = Debug|Any CPU
		{75724551-33E1-4C2A-AF3E-52117BF133E2}.Debug|x86.Build.0 = Debug|Any CPU
		{75724551-33E1-4C2A-AF3E-52117BF133E2}.Release|Any CPU.ActiveCfg = Release|Any CPU
		{75724551-33E1-4C2A-AF3E-52117BF133E2}.Release|Any CPU.Build.0 = Release|Any CPU
		{75724551-33E1-4C2A-AF3E-52117BF133E2}.Release|x64.ActiveCfg = Release|Any CPU
		{75724551-33E1-4C2A-AF3E-52117BF133E2}.Release|x64.Build.0 = Release|Any CPU
		{75724551-33E1-4C2A-AF3E-52117BF133E2}.Release|x86.ActiveCfg = Release|Any CPU
		{75724551-33E1-4C2A-AF3E-52117BF133E2}.Release|x86.Build.0 = Release|Any CPU
	EndGlobalSection
	GlobalSection(SolutionProperties) = preSolution
		HideSolutionNode = FALSE
	EndGlobalSection
	GlobalSection(NestedProjects) = preSolution
		{FE360695-3F2B-1049-3887-35FBB5135923} = {827E0CD3-B72D-47B6-A68D-7590B98EB39B}
		{3312680E-0B1B-4F65-B1E4-E087F40E047F} = {FE360695-3F2B-1049-3887-35FBB5135923}
		{6F1744A1-9F2C-4001-92E3-E8EC97D5C16C} = {FE360695-3F2B-1049-3887-35FBB5135923}
		{FD3396E6-DB40-42D7-B2EE-BB6555C73B84} = {FE360695-3F2B-1049-3887-35FBB5135923}
		{EC122152-8E0B-4A1B-B1D7-00CD81313B6D} = {FE360695-3F2B-1049-3887-35FBB5135923}
		{75724551-33E1-4C2A-AF3E-52117BF133E2} = {FE360695-3F2B-1049-3887-35FBB5135923}
	EndGlobalSection
EndGlobal
